
Microsoft Visual Studio Solution File, Format Version 12.00
# Visual Studio Version 17
VisualStudioVersion = 17.0.31919.166
MinimumVisualStudioVersion = 10.0.40219.1
Project("{FAE04EC0-301F-11D3-BF4B-00C04F79EFBC}") = "IO_Methods", "IO_Methods\IO_Methods.csproj", "{F6703BD0-3134-4E8C-A41C-84E236988126}"
EndProject
Global
	GlobalSection(SolutionConfigurationPlatforms) = preSolution
		Debug|Any CPU = Debug|Any CPU
		Release|Any CPU = Release|Any CPU
	EndGlobalSection
	GlobalSection(ProjectConfigurationPlatforms) = postSolution
		{F6703BD0-3134-4E8C-A41C-84E236988126}.Debug|Any CPU.ActiveCfg = Debug|Any CPU
		{F6703BD0-3134-4E8C-A41C-84E236988126}.Debug|Any CPU.Build.0 = Debug|Any CPU
		{F6703BD0-3134-4E8C-A41C-84E236988126}.Release|Any CPU.ActiveCfg = Release|Any CPU
		{F6703BD0-3134-4E8C-A41C-84E236988126}.Release|Any CPU.Build.0 = Release|Any CPU
	EndGlobalSection
	GlobalSection(SolutionProperties) = preSolution
		HideSolutionNode = FALSE
	EndGlobalSection
	GlobalSection(ExtensibilityGlobals) = postSolution
		SolutionGuid = {0321FC8A-2F91-483C-A8FD-01F38224FFA7}
	EndGlobalSection
EndGlobal
